
Microsoft Visual Studio Solution File, Format Version 12.00
# Visual Studio Version 16
VisualStudioVersion = 16.0.33328.57
MinimumVisualStudioVersion = 10.0.40219.1
Project("{FAE04EC0-301F-11D3-BF4B-00C04F79EFBC}") = "TraversalCoreProje", "TraversalCoreProje\TraversalCoreProje.csproj", "{3F3883F7-A7D4-4B0B-BEB3-7D9D111B0F34}"
EndProject
Project("{FAE04EC0-301F-11D3-BF4B-00C04F79EFBC}") = "EntityLayer", "EntityLayer\EntityLayer.csproj", "{BFC0DFF9-1F32-4B8D-848F-772345884F28}"
EndProject
Project("{FAE04EC0-301F-11D3-BF4B-00C04F79EFBC}") = "DataAccessLayer", "DataAccessLayer\DataAccessLayer.csproj", "{0EF216DE-7279-4F30-BC76-728492CCADEF}"
EndProject
Project("{FAE04EC0-301F-11D3-BF4B-00C04F79EFBC}") = "BusinessLayer", "BusinessLayer\BusinessLayer.csproj", "{9CBD2574-A6AE-4EF9-B6A7-E90E0C7BC83B}"
EndProject
Global
	GlobalSection(SolutionConfigurationPlatforms) = preSolution
		Debug|Any CPU = Debug|Any CPU
		Release|Any CPU = Release|Any CPU
	EndGlobalSection
	GlobalSection(ProjectConfigurationPlatforms) = postSolution
		{3F3883F7-A7D4-4B0B-BEB3-7D9D111B0F34}.Debug|Any CPU.ActiveCfg = Debug|Any CPU
		{3F3883F7-A7D4-4B0B-BEB3-7D9D111B0F34}.Debug|Any CPU.Build.0 = Debug|Any CPU
		{3F3883F7-A7D4-4B0B-BEB3-7D9D111B0F34}.Release|Any CPU.ActiveCfg = Release|Any CPU
		{3F3883F7-A7D4-4B0B-BEB3-7D9D111B0F34}.Release|Any CPU.Build.0 = Release|Any CPU
		{BFC0DFF9-1F32-4B8D-848F-772345884F28}.Debug|Any CPU.ActiveCfg = Debug|Any CPU
		{BFC0DFF9-1F32-4B8D-848F-772345884F28}.Debug|Any CPU.Build.0 = Debug|Any CPU
		{BFC0DFF9-1F32-4B8D-848F-772345884F28}.Release|Any CPU.ActiveCfg = Release|Any CPU
		{BFC0DFF9-1F32-4B8D-848F-772345884F28}.Release|Any CPU.Build.0 = Release|Any CPU
		{0EF216DE-7279-4F30-BC76-728492CCADEF}.Debug|Any CPU.ActiveCfg = Debug|Any CPU
		{0EF216DE-7279-4F30-BC76-728492CCADEF}.Debug|Any CPU.Build.0 = Debug|Any CPU
		{0EF216DE-7279-4F30-BC76-728492CCADEF}.Release|Any CPU.ActiveCfg = Release|Any CPU
		{0EF216DE-7279-4F30-BC76-728492CCADEF}.Release|Any CPU.Build.0 = Release|Any CPU
		{9CBD2574-A6AE-4EF9-B6A7-E90E0C7BC83B}.Debug|Any CPU.ActiveCfg = Debug|Any CPU
		{9CBD2574-A6AE-4EF9-B6A7-E90E0C7BC83B}.Debug|Any CPU.Build.0 = Debug|Any CPU
		{9CBD2574-A6AE-4EF9-B6A7-E90E0C7BC83B}.Release|Any CPU.ActiveCfg = Release|Any CPU
		{9CBD2574-A6AE-4EF9-B6A7-E90E0C7BC83B}.Release|Any CPU.Build.0 = Release|Any CPU
	EndGlobalSection
	GlobalSection(SolutionProperties) = preSolution
		HideSolutionNode = FALSE
	EndGlobalSection
	GlobalSection(ExtensibilityGlobals) = postSolution
		SolutionGuid = {E69FBE83-2B43-4934-9895-D68D8AC72504}
	EndGlobalSection
EndGlobal
